// !$*UTF8*$!
{
	archiveVersion = 1;
	classes = {
	};
	objectVersion = 46;
	objects = {

/* Begin PBXBuildFile section */
		B35F396515AC6D6F0018B864 /* ProjectTableCell.m in Sources */ = {isa = PBXBuildFile; fileRef = B35F396415AC6D6F0018B864 /* ProjectTableCell.m */; };
		C81317F015A6CE2A0059453A /* UIKit.framework in Frameworks */ = {isa = PBXBuildFile; fileRef = C81317EF15A6CE2A0059453A /* UIKit.framework */; };
		C81317F215A6CE2A0059453A /* Foundation.framework in Frameworks */ = {isa = PBXBuildFile; fileRef = C81317F115A6CE2A0059453A /* Foundation.framework */; };
		C81317F415A6CE2A0059453A /* CoreGraphics.framework in Frameworks */ = {isa = PBXBuildFile; fileRef = C81317F315A6CE2A0059453A /* CoreGraphics.framework */; };
		C81317FA15A6CE2A0059453A /* InfoPlist.strings in Resources */ = {isa = PBXBuildFile; fileRef = C81317F815A6CE2A0059453A /* InfoPlist.strings */; };
		C81317FC15A6CE2A0059453A /* main.m in Sources */ = {isa = PBXBuildFile; fileRef = C81317FB15A6CE2A0059453A /* main.m */; };
		C813180015A6CE2A0059453A /* InterviewCacheAppDelegate.m in Sources */ = {isa = PBXBuildFile; fileRef = C81317FF15A6CE2A0059453A /* InterviewCacheAppDelegate.m */; };
		C813180315A6CE2A0059453A /* MainStoryboard.storyboard in Resources */ = {isa = PBXBuildFile; fileRef = C813180115A6CE2A0059453A /* MainStoryboard.storyboard */; };
		C813180615A6CE2A0059453A /* InterviewCacheViewController.m in Sources */ = {isa = PBXBuildFile; fileRef = C813180515A6CE2A0059453A /* InterviewCacheViewController.m */; };
		C8233E6D15AD5BDA00608BDE /* ProfileView.m in Sources */ = {isa = PBXBuildFile; fileRef = C8233E6C15AD5BDA00608BDE /* ProfileView.m */; };
		C8233E7015AD741200608BDE /* MyImageInput.m in Sources */ = {isa = PBXBuildFile; fileRef = C8233E6F15AD741200608BDE /* MyImageInput.m */; };
		C8233E7615AD82BA00608BDE /* MyTextInput.m in Sources */ = {isa = PBXBuildFile; fileRef = C8233E7515AD82B900608BDE /* MyTextInput.m */; };
		C8943E2615AC1BD700AACE1C /* ProjectViewController.m in Sources */ = {isa = PBXBuildFile; fileRef = C8943E2515AC1BD700AACE1C /* ProjectViewController.m */; };
		C8943E2915AC1C4700AACE1C /* PeopleViewController.m in Sources */ = {isa = PBXBuildFile; fileRef = C8943E2815AC1C4700AACE1C /* PeopleViewController.m */; };
/* End PBXBuildFile section */

/* Begin PBXFileReference section */
		B35F396315AC6D6F0018B864 /* ProjectTableCell.h */ = {isa = PBXFileReference; fileEncoding = 4; lastKnownFileType = sourcecode.c.h; path = ProjectTableCell.h; sourceTree = "<group>"; };
		B35F396415AC6D6F0018B864 /* ProjectTableCell.m */ = {isa = PBXFileReference; fileEncoding = 4; lastKnownFileType = sourcecode.c.objc; path = ProjectTableCell.m; sourceTree = "<group>"; };
		C81317EB15A6CE2A0059453A /* InterviewCache.app */ = {isa = PBXFileReference; explicitFileType = wrapper.application; includeInIndex = 0; path = InterviewCache.app; sourceTree = BUILT_PRODUCTS_DIR; };
		C81317EF15A6CE2A0059453A /* UIKit.framework */ = {isa = PBXFileReference; lastKnownFileType = wrapper.framework; name = UIKit.framework; path = System/Library/Frameworks/UIKit.framework; sourceTree = SDKROOT; };
		C81317F115A6CE2A0059453A /* Foundation.framework */ = {isa = PBXFileReference; lastKnownFileType = wrapper.framework; name = Foundation.framework; path = System/Library/Frameworks/Foundation.framework; sourceTree = SDKROOT; };
		C81317F315A6CE2A0059453A /* CoreGraphics.framework */ = {isa = PBXFileReference; lastKnownFileType = wrapper.framework; name = CoreGraphics.framework; path = System/Library/Frameworks/CoreGraphics.framework; sourceTree = SDKROOT; };
		C81317F715A6CE2A0059453A /* InterviewCache-Info.plist */ = {isa = PBXFileReference; lastKnownFileType = text.plist.xml; path = "InterviewCache-Info.plist"; sourceTree = "<group>"; };
		C81317F915A6CE2A0059453A /* en */ = {isa = PBXFileReference; lastKnownFileType = text.plist.strings; name = en; path = en.lproj/InfoPlist.strings; sourceTree = "<group>"; };
		C81317FB15A6CE2A0059453A /* main.m */ = {isa = PBXFileReference; lastKnownFileType = sourcecode.c.objc; path = main.m; sourceTree = "<group>"; };
		C81317FD15A6CE2A0059453A /* InterviewCache-Prefix.pch */ = {isa = PBXFileReference; lastKnownFileType = sourcecode.c.h; path = "InterviewCache-Prefix.pch"; sourceTree = "<group>"; };
		C81317FE15A6CE2A0059453A /* InterviewCacheAppDelegate.h */ = {isa = PBXFileReference; lastKnownFileType = sourcecode.c.h; path = InterviewCacheAppDelegate.h; sourceTree = "<group>"; };
		C81317FF15A6CE2A0059453A /* InterviewCacheAppDelegate.m */ = {isa = PBXFileReference; lastKnownFileType = sourcecode.c.objc; path = InterviewCacheAppDelegate.m; sourceTree = "<group>"; };
		C813180215A6CE2A0059453A /* en */ = {isa = PBXFileReference; lastKnownFileType = file.storyboard; name = en; path = en.lproj/MainStoryboard.storyboard; sourceTree = "<group>"; };
		C813180415A6CE2A0059453A /* InterviewCacheViewController.h */ = {isa = PBXFileReference; lastKnownFileType = sourcecode.c.h; path = InterviewCacheViewController.h; sourceTree = "<group>"; };
		C813180515A6CE2A0059453A /* InterviewCacheViewController.m */ = {isa = PBXFileReference; lastKnownFileType = sourcecode.c.objc; path = InterviewCacheViewController.m; sourceTree = "<group>"; };
		C8233E6B15AD5BD900608BDE /* ProfileView.h */ = {isa = PBXFileReference; fileEncoding = 4; lastKnownFileType = sourcecode.c.h; path = ProfileView.h; sourceTree = "<group>"; };
		C8233E6C15AD5BDA00608BDE /* ProfileView.m */ = {isa = PBXFileReference; fileEncoding = 4; lastKnownFileType = sourcecode.c.objc; path = ProfileView.m; sourceTree = "<group>"; };
		C8233E6E15AD741200608BDE /* MyImageInput.h */ = {isa = PBXFileReference; fileEncoding = 4; lastKnownFileType = sourcecode.c.h; path = MyImageInput.h; sourceTree = "<group>"; };
		C8233E6F15AD741200608BDE /* MyImageInput.m */ = {isa = PBXFileReference; fileEncoding = 4; lastKnownFileType = sourcecode.c.objc; path = MyImageInput.m; sourceTree = "<group>"; };
		C8233E7415AD82B900608BDE /* MyTextInput.h */ = {isa = PBXFileReference; fileEncoding = 4; lastKnownFileType = sourcecode.c.h; path = MyTextInput.h; sourceTree = "<group>"; };
		C8233E7515AD82B900608BDE /* MyTextInput.m */ = {isa = PBXFileReference; fileEncoding = 4; lastKnownFileType = sourcecode.c.objc; path = MyTextInput.m; sourceTree = "<group>"; };
		C8943E2415AC1BD700AACE1C /* ProjectViewController.h */ = {isa = PBXFileReference; fileEncoding = 4; lastKnownFileType = sourcecode.c.h; name = ProjectViewController.h; path = ../ProjectViewController.h; sourceTree = "<group>"; };
		C8943E2515AC1BD700AACE1C /* ProjectViewController.m */ = {isa = PBXFileReference; fileEncoding = 4; lastKnownFileType = sourcecode.c.objc; name = ProjectViewController.m; path = ../ProjectViewController.m; sourceTree = "<group>"; };
		C8943E2715AC1C4700AACE1C /* PeopleViewController.h */ = {isa = PBXFileReference; fileEncoding = 4; lastKnownFileType = sourcecode.c.h; path = PeopleViewController.h; sourceTree = "<group>"; };
		C8943E2815AC1C4700AACE1C /* PeopleViewController.m */ = {isa = PBXFileReference; fileEncoding = 4; lastKnownFileType = sourcecode.c.objc; path = PeopleViewController.m; sourceTree = "<group>"; };
/* End PBXFileReference section */

/* Begin PBXFrameworksBuildPhase section */
		C81317E815A6CE2A0059453A /* Frameworks */ = {
			isa = PBXFrameworksBuildPhase;
			buildActionMask = 2147483647;
			files = (
				C81317F015A6CE2A0059453A /* UIKit.framework in Frameworks */,
				C81317F215A6CE2A0059453A /* Foundation.framework in Frameworks */,
				C81317F415A6CE2A0059453A /* CoreGraphics.framework in Frameworks */,
			);
			runOnlyForDeploymentPostprocessing = 0;
		};
/* End PBXFrameworksBuildPhase section */

/* Begin PBXGroup section */
		C81317E015A6CE2A0059453A = {
			isa = PBXGroup;
			children = (
				C81317F515A6CE2A0059453A /* InterviewCache */,
				C81317EE15A6CE2A0059453A /* Frameworks */,
				C81317EC15A6CE2A0059453A /* Products */,
			);
			sourceTree = "<group>";
		};
		C81317EC15A6CE2A0059453A /* Products */ = {
			isa = PBXGroup;
			children = (
				C81317EB15A6CE2A0059453A /* InterviewCache.app */,
			);
			name = Products;
			sourceTree = "<group>";
		};
		C81317EE15A6CE2A0059453A /* Frameworks */ = {
			isa = PBXGroup;
			children = (
				C81317EF15A6CE2A0059453A /* UIKit.framework */,
				C81317F115A6CE2A0059453A /* Foundation.framework */,
				C81317F315A6CE2A0059453A /* CoreGraphics.framework */,
			);
			name = Frameworks;
			sourceTree = "<group>";
		};
		C81317F515A6CE2A0059453A /* InterviewCache */ = {
			isa = PBXGroup;
			children = (
				C8943E2415AC1BD700AACE1C /* ProjectViewController.h */,
				C8943E2515AC1BD700AACE1C /* ProjectViewController.m */,
				C81317FE15A6CE2A0059453A /* InterviewCacheAppDelegate.h */,
				C81317FF15A6CE2A0059453A /* InterviewCacheAppDelegate.m */,
				C813180115A6CE2A0059453A /* MainStoryboard.storyboard */,
				C813180415A6CE2A0059453A /* InterviewCacheViewController.h */,
				C813180515A6CE2A0059453A /* InterviewCacheViewController.m */,
				C8943E2715AC1C4700AACE1C /* PeopleViewController.h */,
				C8943E2815AC1C4700AACE1C /* PeopleViewController.m */,
				C81317F615A6CE2A0059453A /* Supporting Files */,
				B35F396315AC6D6F0018B864 /* ProjectTableCell.h */,
				B35F396415AC6D6F0018B864 /* ProjectTableCell.m */,
				C8233E6B15AD5BD900608BDE /* ProfileView.h */,
				C8233E6C15AD5BDA00608BDE /* ProfileView.m */,
				C8233E6E15AD741200608BDE /* MyImageInput.h */,
				C8233E6F15AD741200608BDE /* MyImageInput.m */,
				C8233E7415AD82B900608BDE /* MyTextInput.h */,
				C8233E7515AD82B900608BDE /* MyTextInput.m */,
			);
			path = InterviewCache;
			sourceTree = "<group>";
		};
		C81317F615A6CE2A0059453A /* Supporting Files */ = {
			isa = PBXGroup;
			children = (
				C81317F715A6CE2A0059453A /* InterviewCache-Info.plist */,
				C81317F815A6CE2A0059453A /* InfoPlist.strings */,
				C81317FB15A6CE2A0059453A /* main.m */,
				C81317FD15A6CE2A0059453A /* InterviewCache-Prefix.pch */,
			);
			name = "Supporting Files";
			sourceTree = "<group>";
		};
/* End PBXGroup section */

/* Begin PBXNativeTarget section */
		C81317EA15A6CE2A0059453A /* InterviewCache */ = {
			isa = PBXNativeTarget;
			buildConfigurationList = C813180915A6CE2A0059453A /* Build configuration list for PBXNativeTarget "InterviewCache" */;
			buildPhases = (
				C81317E715A6CE2A0059453A /* Sources */,
				C81317E815A6CE2A0059453A /* Frameworks */,
				C81317E915A6CE2A0059453A /* Resources */,
			);
			buildRules = (
			);
			dependencies = (
			);
			name = InterviewCache;
			productName = InterviewCache;
			productReference = C81317EB15A6CE2A0059453A /* InterviewCache.app */;
			productType = "com.apple.product-type.application";
		};
/* End PBXNativeTarget section */

/* Begin PBXProject section */
		C81317E215A6CE2A0059453A /* Project object */ = {
			isa = PBXProject;
			attributes = {
				CLASSPREFIX = InterviewCache;
				LastUpgradeCheck = 0430;
			};
			buildConfigurationList = C81317E515A6CE2A0059453A /* Build configuration list for PBXProject "InterviewCache" */;
			compatibilityVersion = "Xcode 3.2";
			developmentRegion = English;
			hasScannedForEncodings = 0;
			knownRegions = (
				en,
			);
			mainGroup = C81317E015A6CE2A0059453A;
			productRefGroup = C81317EC15A6CE2A0059453A /* Products */;
			projectDirPath = "";
			projectRoot = "";
			targets = (
				C81317EA15A6CE2A0059453A /* InterviewCache */,
			);
		};
/* End PBXProject section */

/* Begin PBXResourcesBuildPhase section */
		C81317E915A6CE2A0059453A /* Resources */ = {
			isa = PBXResourcesBuildPhase;
			buildActionMask = 2147483647;
			files = (
				C81317FA15A6CE2A0059453A /* InfoPlist.strings in Resources */,
				C813180315A6CE2A0059453A /* MainStoryboard.storyboard in Resources */,
			);
			runOnlyForDeploymentPostprocessing = 0;
		};
/* End PBXResourcesBuildPhase section */

/* Begin PBXSourcesBuildPhase section */
		C81317E715A6CE2A0059453A /* Sources */ = {
			isa = PBXSourcesBuildPhase;
			buildActionMask = 2147483647;
			files = (
				C81317FC15A6CE2A0059453A /* main.m in Sources */,
				C813180015A6CE2A0059453A /* InterviewCacheAppDelegate.m in Sources */,
				C813180615A6CE2A0059453A /* InterviewCacheViewController.m in Sources */,
				C8943E2615AC1BD700AACE1C /* ProjectViewController.m in Sources */,
				C8943E2915AC1C4700AACE1C /* PeopleViewController.m in Sources */,
				B35F396515AC6D6F0018B864 /* ProjectTableCell.m in Sources */,
				C8233E6D15AD5BDA00608BDE /* ProfileView.m in Sources */,
				C8233E7015AD741200608BDE /* MyImageInput.m in Sources */,
				C8233E7615AD82BA00608BDE /* MyTextInput.m in Sources */,
			);
			runOnlyForDeploymentPostprocessing = 0;
		};
/* End PBXSourcesBuildPhase section */

/* Begin PBXVariantGroup section */
		C81317F815A6CE2A0059453A /* InfoPlist.strings */ = {
			isa = PBXVariantGroup;
			children = (
				C81317F915A6CE2A0059453A /* en */,
			);
			name = InfoPlist.strings;
			sourceTree = "<group>";
		};
		C813180115A6CE2A0059453A /* MainStoryboard.storyboard */ = {
			isa = PBXVariantGroup;
			children = (
				C813180215A6CE2A0059453A /* en */,
			);
			name = MainStoryboard.storyboard;
			sourceTree = "<group>";
		};
/* End PBXVariantGroup section */

/* Begin XCBuildConfiguration section */
		C813180715A6CE2A0059453A /* Debug */ = {
			isa = XCBuildConfiguration;
			buildSettings = {
				ALWAYS_SEARCH_USER_PATHS = NO;
				ARCHS = "$(ARCHS_STANDARD_32_BIT)";
				CLANG_ENABLE_OBJC_ARC = YES;
				"CODE_SIGN_IDENTITY[sdk=iphoneos*]" = "iPhone Developer";
				COPY_PHASE_STRIP = NO;
				GCC_C_LANGUAGE_STANDARD = gnu99;
				GCC_DYNAMIC_NO_PIC = NO;
				GCC_OPTIMIZATION_LEVEL = 0;
				GCC_PREPROCESSOR_DEFINITIONS = (
					"DEBUG=1",
					"$(inherited)",
				);
				GCC_SYMBOLS_PRIVATE_EXTERN = NO;
				GCC_VERSION = com.apple.compilers.llvm.clang.1_0;
				GCC_WARN_ABOUT_RETURN_TYPE = YES;
				GCC_WARN_UNINITIALIZED_AUTOS = YES;
				GCC_WARN_UNUSED_VARIABLE = YES;
				IPHONEOS_DEPLOYMENT_TARGET = 5.1;
				SDKROOT = iphoneos;
			};
			name = Debug;
		};
		C813180815A6CE2A0059453A /* Release */ = {
			isa = XCBuildConfiguration;
			buildSettings = {
				ALWAYS_SEARCH_USER_PATHS = NO;
				ARCHS = "$(ARCHS_STANDARD_32_BIT)";
				CLANG_ENABLE_OBJC_ARC = YES;
				"CODE_SIGN_IDENTITY[sdk=iphoneos*]" = "iPhone Developer";
				COPY_PHASE_STRIP = YES;
				GCC_C_LANGUAGE_STANDARD = gnu99;
				GCC_VERSION = com.apple.compilers.llvm.clang.1_0;
				GCC_WARN_ABOUT_RETURN_TYPE = YES;
				GCC_WARN_UNINITIALIZED_AUTOS = YES;
				GCC_WARN_UNUSED_VARIABLE = YES;
				IPHONEOS_DEPLOYMENT_TARGET = 5.1;
				OTHER_CFLAGS = "-DNS_BLOCK_ASSERTIONS=1";
				SDKROOT = iphoneos;
				VALIDATE_PRODUCT = YES;
			};
			name = Release;
		};
		C813180A15A6CE2A0059453A /* Debug */ = {
			isa = XCBuildConfiguration;
			buildSettings = {
				GCC_PRECOMPILE_PREFIX_HEADER = YES;
				GCC_PREFIX_HEADER = "InterviewCache/InterviewCache-Prefix.pch";
				INFOPLIST_FILE = "InterviewCache/InterviewCache-Info.plist";
				PRODUCT_NAME = "$(TARGET_NAME)";
				WRAPPER_EXTENSION = app;
			};
			name = Debug;
		};
		C813180B15A6CE2A0059453A /* Release */ = {
			isa = XCBuildConfiguration;
			buildSettings = {
				GCC_PRECOMPILE_PREFIX_HEADER = YES;
				GCC_PREFIX_HEADER = "InterviewCache/InterviewCache-Prefix.pch";
				INFOPLIST_FILE = "InterviewCache/InterviewCache-Info.plist";
				PRODUCT_NAME = "$(TARGET_NAME)";
				WRAPPER_EXTENSION = app;
			};
			name = Release;
		};
/* End XCBuildConfiguration section */

/* Begin XCConfigurationList section */
		C81317E515A6CE2A0059453A /* Build configuration list for PBXProject "InterviewCache" */ = {
			isa = XCConfigurationList;
			buildConfigurations = (
				C813180715A6CE2A0059453A /* Debug */,
				C813180815A6CE2A0059453A /* Release */,
			);
			defaultConfigurationIsVisible = 0;
			defaultConfigurationName = Release;
		};
		C813180915A6CE2A0059453A /* Build configuration list for PBXNativeTarget "InterviewCache" */ = {
			isa = XCConfigurationList;
			buildConfigurations = (
				C813180A15A6CE2A0059453A /* Debug */,
				C813180B15A6CE2A0059453A /* Release */,
			);
			defaultConfigurationIsVisible = 0;
			defaultConfigurationName = Release;
		};
/* End XCConfigurationList section */
	};
	rootObject = C81317E215A6CE2A0059453A /* Project object */;
}
